
Microsoft Visual Studio Solution File, Format Version 12.00
# Visual Studio Version 17
VisualStudioVersion = 17.9.34728.123
MinimumVisualStudioVersion = 10.0.40219.1
Project("{FAE04EC0-301F-11D3-BF4B-00C04F79EFBC}") = "Ejercicio1_3381027", "Ejercicio1_3381027\Ejercicio1_3381027.csproj", "{80E0B9D0-70FC-44A1-9A07-3950A40C8A14}"
EndProject
Global
	GlobalSection(SolutionConfigurationPlatforms) = preSolution
		Debug|Any CPU = Debug|Any CPU
		Release|Any CPU = Release|Any CPU
	EndGlobalSection
	GlobalSection(ProjectConfigurationPlatforms) = postSolution
		{80E0B9D0-70FC-44A1-9A07-3950A40C8A14}.Debug|Any CPU.ActiveCfg = Debug|Any CPU
		{80E0B9D0-70FC-44A1-9A07-3950A40C8A14}.Debug|Any CPU.Build.0 = Debug|Any CPU
		{80E0B9D0-70FC-44A1-9A07-3950A40C8A14}.Release|Any CPU.ActiveCfg = Release|Any CPU
		{80E0B9D0-70FC-44A1-9A07-3950A40C8A14}.Release|Any CPU.Build.0 = Release|Any CPU
	EndGlobalSection
	GlobalSection(SolutionProperties) = preSolution
		HideSolutionNode = FALSE
	EndGlobalSection
	GlobalSection(ExtensibilityGlobals) = postSolution
		SolutionGuid = {A60A15C6-DA33-4D99-85DE-1F2517FE73C5}
	EndGlobalSection
EndGlobal
